PODS:
  - Cosmos (18.0.1)
  - Differentiator (3.1.0)
  - RxAtomic (4.4.2)
  - RxCocoa (4.4.2):
    - RxSwift (>= 4.4.2, ~> 4.4)
  - RxDataSources (3.1.0):
    - Differentiator (~> 3.0)
    - RxCocoa (~> 4.0)
    - RxSwift (~> 4.0)
  - RxSwift (4.4.2):
    - RxAtomic (>= 4.4.2, ~> 4.4)
  - RxSwiftExt (3.4.0):
    - RxSwiftExt/Core (= 3.4.0)
    - RxSwiftExt/RxCocoa (= 3.4.0)
  - RxSwiftExt/Core (3.4.0):
    - RxSwift (~> 4.0)
  - RxSwiftExt/RxCocoa (3.4.0):
    - RxCocoa (~> 4.0)
    - RxSwiftExt/Core
  - SnapKit (4.2.0)

DEPENDENCIES:
  - Cosmos
  - RxCocoa (~> 4.4.2)
  - RxDataSources (~> 3.1.0)
  - RxSwift (~> 4.4.2)
  - RxSwiftExt (~> 3.4.0)
  - SnapKit (~> 4.2.0)

SPEC REPOS:
  https://github.com/cocoapods/specs.git:
    - Cosmos
    - Differentiator
    - RxAtomic
    - RxCocoa
    - RxDataSources
    - RxSwift
    - RxSwiftExt
    - SnapKit

SPEC CHECKSUMS:
  Cosmos: 7dfaa3f52584ca5f94ab74b5c2e264019cc9f7f5
  Differentiator: be49ca3408f0ecfc761e4c7763d20c62be01b9ad
  RxAtomic: d00e97c10db88c6f08540e0bf2752fc5a2404167
  RxCocoa: 477990dc3b4c3ff55fb0ac77e1cc06244e0aaec8
  RxDataSources: a843bad90c29817f5923ec8163f4af2de084ceb3
  RxSwift: 74c29b693c8e42b0f64400e8b06564575742d649
  RxSwiftExt: 01f8ecbeeb355698e9c75365ebe908b00dacf45d
  SnapKit: fe8a619752f3f27075cc9a90244d75c6c3f27e2a

PODFILE CHECKSUM: d9dce3bfd4cd4a1655fad7ff95001f3b77a99449

COCOAPODS: 1.6.1
